<?xml version="1.0" encoding="utf-8"?>
<Project ToolsVersion="4.0" xmlns="http://schemas.microsoft.com/developer/msbuild/2003">
  <ItemGroup>
    <Filter Include="engine">
      <UniqueIdentifier>{039964fa-2004-4653-8c7e-80e2258bfaa3}</UniqueIdentifier>
    </Filter>
    <Filter Include="core">
      <UniqueIdentifier>{9d001b70-0863-437d-80f9-a9b461cfc739}</UniqueIdentifier>
    </Filter>
    <Filter Include="entity">
      <UniqueIdentifier>{9fb032d8-4ed2-4228-8b9d-1bf9ad05f464}</UniqueIdentifier>
    </Filter>
    <Filter Include="entry">
      <UniqueIdentifier>{9081b878-d096-4c94-8f0c-975424b63301}</UniqueIdentifier>
    </Filter>
  </ItemGroup>
  <ItemGroup>
    <ClInclude Include="..\..\..\source\entity\entity.h">
      <Filter>entity</Filter>
    </ClInclude>
    <ClInclude Include="..\..\..\source\entity\entity_manager.h">
      <Filter>entity</Filter>
    </ClInclude>
    <ClInclude Include="..\..\..\source\core\debug.h">
      <Filter>core</Filter>
    </ClInclude>
    <ClInclude Include="..\..\..\source\engine\world.h">
      <Filter>engine</Filter>
    </ClInclude>
    <ClInclude Include="..\..\..\source\core\math_types.h">
      <Filter>core</Filter>
    </ClInclude>
    <ClInclude Include="..\..\..\source\core\matrix4x4.h">
      <Filter>core</Filter>
    </ClInclude>
    <ClInclude Include="..\..\..\source\entity\transform_component.h">
      <Filter>entity</Filter>
    </ClInclude>
    <ClInclude Include="..\..\..\source\engine\renderer.h">
      <Filter>engine</Filter>
    </ClInclude>
    <ClInclude Include="..\..\..\source\entry\cmd.h">
      <Filter>entry</Filter>
    </ClInclude>
    <ClInclude Include="..\..\..\source\entry\dbg.h">
      <Filter>entry</Filter>
    </ClInclude>
    <ClInclude Include="..\..\..\source\entry\entry.h">
      <Filter>entry</Filter>
    </ClInclude>
    <ClInclude Include="..\..\..\source\entry\entry_p.h">
      <Filter>entry</Filter>
    </ClInclude>
    <ClInclude Include="..\..\..\source\entry\input.h">
      <Filter>entry</Filter>
    </ClInclude>
    <ClInclude Include="..\..\..\source\engine\resources.h">
      <Filter>engine</Filter>
    </ClInclude>
    <ClInclude Include="..\..\..\source\core\path.h">
      <Filter>core</Filter>
    </ClInclude>
    <ClInclude Include="..\..\..\source\core\defines.h">
      <Filter>core</Filter>
    </ClInclude>
    <ClInclude Include="..\..\..\source\core\murmur_hash.h">
      <Filter>core</Filter>
    </ClInclude>
    <ClInclude Include="..\..\..\source\engine\loco.h">
      <Filter>engine</Filter>
    </ClInclude>
  </ItemGroup>
  <ItemGroup>
    <ClCompile Include="..\..\..\source\entity\entity_manager.cpp">
      <Filter>entity</Filter>
    </ClCompile>
    <ClCompile Include="..\..\..\source\core\debug.cpp">
      <Filter>core</Filter>
    </ClCompile>
    <ClCompile Include="..\..\..\source\core\math_static.cpp">
      <Filter>core</Filter>
    </ClCompile>
    <ClCompile Include="..\..\..\source\entity\transform_component.cpp">
      <Filter>entity</Filter>
    </ClCompile>
    <ClCompile Include="..\..\..\source\engine\renderer.cpp">
      <Filter>engine</Filter>
    </ClCompile>
    <ClCompile Include="..\..\..\source\entry\cmd.cpp">
      <Filter>entry</Filter>
    </ClCompile>
    <ClCompile Include="..\..\..\source\entry\dbg.cpp">
      <Filter>entry</Filter>
    </ClCompile>
    <ClCompile Include="..\..\..\source\entry\entry.cpp">
      <Filter>entry</Filter>
    </ClCompile>
    <ClCompile Include="..\..\..\source\entry\entry_android.cpp">
      <Filter>entry</Filter>
    </ClCompile>
    <ClCompile Include="..\..\..\source\entry\entry_asmjs.cpp">
      <Filter>entry</Filter>
    </ClCompile>
    <ClCompile Include="..\..\..\source\entry\entry_nacl.cpp">
      <Filter>entry</Filter>
    </ClCompile>
    <ClCompile Include="..\..\..\source\entry\entry_qnx.cpp">
      <Filter>entry</Filter>
    </ClCompile>
    <ClCompile Include="..\..\..\source\entry\entry_sdl.cpp">
      <Filter>entry</Filter>
    </ClCompile>
    <ClCompile Include="..\..\..\source\entry\entry_windows.cpp">
      <Filter>entry</Filter>
    </ClCompile>
    <ClCompile Include="..\..\..\source\entry\entry_x11.cpp">
      <Filter>entry</Filter>
    </ClCompile>
    <ClCompile Include="..\..\..\source\entry\input.cpp">
      <Filter>entry</Filter>
    </ClCompile>
    <ClCompile Include="..\..\..\source\engine\resources.cpp">
      <Filter>engine</Filter>
    </ClCompile>
    <ClCompile Include="..\..\..\source\core\murmur_hash.cpp">
      <Filter>core</Filter>
    </ClCompile>
    <ClCompile Include="..\..\..\source\core\path_windows.cpp">
      <Filter>core</Filter>
    </ClCompile>
    <ClCompile Include="..\..\..\source\engine\loco.cpp">
      <Filter>engine</Filter>
    </ClCompile>
  </ItemGroup>
  <ItemGroup>
    <None Include="..\..\..\source\entry\entry_ios.mm">
      <Filter>entry</Filter>
    </None>
    <None Include="..\..\..\source\entry\entry_osx.mm">
      <Filter>entry</Filter>
    </None>
  </ItemGroup>
</Project>