<?xml version="1.0" encoding="utf-8"?>
<Project ToolsVersion="4.0" xmlns="http://schemas.microsoft.com/developer/msbuild/2003">
  <ItemGroup>
    <Filter Include="engine">
      <UniqueIdentifier>{039964fa-2004-4653-8c7e-80e2258bfaa3}</UniqueIdentifier>
    </Filter>
    <Filter Include="core">
      <UniqueIdentifier>{9d001b70-0863-437d-80f9-a9b461cfc739}</UniqueIdentifier>
    </Filter>
    <Filter Include="entry">
      <UniqueIdentifier>{9081b878-d096-4c94-8f0c-975424b63301}</UniqueIdentifier>
    </Filter>
    <Filter Include="core\jsonxx">
      <UniqueIdentifier>{415fdf80-730a-40c4-8f44-47799e77afc3}</UniqueIdentifier>
    </Filter>
    <Filter Include="component">
      <UniqueIdentifier>{9fb032d8-4ed2-4228-8b9d-1bf9ad05f464}</UniqueIdentifier>
    </Filter>
  </ItemGroup>
  <ItemGroup>
    <ClInclude Include="..\..\..\source\core\debug.h">
      <Filter>core</Filter>
    </ClInclude>
    <ClInclude Include="..\..\..\source\engine\world.h">
      <Filter>engine</Filter>
    </ClInclude>
    <ClInclude Include="..\..\..\source\core\math_types.h">
      <Filter>core</Filter>
    </ClInclude>
    <ClInclude Include="..\..\..\source\core\matrix4x4.h">
      <Filter>core</Filter>
    </ClInclude>
    <ClInclude Include="..\..\..\source\engine\renderer.h">
      <Filter>engine</Filter>
    </ClInclude>
    <ClInclude Include="..\..\..\source\core\defines.h">
      <Filter>core</Filter>
    </ClInclude>
    <ClInclude Include="..\..\..\source\core\murmur_hash.h">
      <Filter>core</Filter>
    </ClInclude>
    <ClInclude Include="..\..\..\source\engine\loco.h">
      <Filter>engine</Filter>
    </ClInclude>
    <ClInclude Include="..\..\..\source\core\file_system.h">
      <Filter>core</Filter>
    </ClInclude>
    <ClInclude Include="..\..\..\source\core\file_utils.h">
      <Filter>core</Filter>
    </ClInclude>
    <ClInclude Include="..\..\..\source\engine\resource_manager.h">
      <Filter>engine</Filter>
    </ClInclude>
    <ClInclude Include="..\..\..\source\core\memory_utils.h">
      <Filter>core</Filter>
    </ClInclude>
    <ClInclude Include="..\..\..\source\engine\resource_texture.h">
      <Filter>engine</Filter>
    </ClInclude>
    <ClInclude Include="..\..\..\source\engine\resource_mesh.h">
      <Filter>engine</Filter>
    </ClInclude>
    <ClInclude Include="..\..\..\source\engine\resource_material.h">
      <Filter>engine</Filter>
    </ClInclude>
    <ClInclude Include="..\..\..\source\engine\resource_shader.h">
      <Filter>engine</Filter>
    </ClInclude>
    <ClInclude Include="..\..\..\source\core\reader_writer.h">
      <Filter>core</Filter>
    </ClInclude>
    <ClInclude Include="..\..\..\source\engine\resource_mesh_bgfx.h">
      <Filter>engine</Filter>
    </ClInclude>
    <ClInclude Include="..\..\..\source\engine\resource_type.h">
      <Filter>engine</Filter>
    </ClInclude>
    <ClInclude Include="..\..\..\source\core\jsonxx\jsonxx.h">
      <Filter>core\jsonxx</Filter>
    </ClInclude>
    <ClInclude Include="..\..\..\source\engine\resource_material_json.h">
      <Filter>engine</Filter>
    </ClInclude>
    <ClInclude Include="..\..\..\source\core\log.h">
      <Filter>core</Filter>
    </ClInclude>
    <ClInclude Include="..\..\..\source\component\transform_system.h">
      <Filter>component</Filter>
    </ClInclude>
    <ClInclude Include="..\..\..\source\component\entity.h">
      <Filter>component</Filter>
    </ClInclude>
    <ClInclude Include="..\..\..\source\component\mesh_render_system.h">
      <Filter>component</Filter>
    </ClInclude>
    <ClInclude Include="..\..\..\source\core\math_utils.h">
      <Filter>core</Filter>
    </ClInclude>
    <ClInclude Include="..\..\..\source\component\system_common.h">
      <Filter>component</Filter>
    </ClInclude>
    <ClInclude Include="..\..\..\source\component\camera_system.h">
      <Filter>component</Filter>
    </ClInclude>
    <ClInclude Include="..\..\..\source\engine\handle.h">
      <Filter>engine</Filter>
    </ClInclude>
    <ClInclude Include="..\..\..\source\core\platform.h">
      <Filter>core</Filter>
    </ClInclude>
    <ClInclude Include="..\..\..\source\core\type.h">
      <Filter>core</Filter>
    </ClInclude>
    <ClInclude Include="..\..\..\source\core\timer.h">
      <Filter>core</Filter>
    </ClInclude>
    <ClInclude Include="..\..\..\source\entry\entry.h">
      <Filter>entry</Filter>
    </ClInclude>
    <ClInclude Include="..\..\..\source\core\vector4.h">
      <Filter>core</Filter>
    </ClInclude>
    <ClInclude Include="..\..\..\source\core\vector3.h">
      <Filter>core</Filter>
    </ClInclude>
  </ItemGroup>
  <ItemGroup>
    <ClCompile Include="..\..\..\source\core\debug.cpp">
      <Filter>core</Filter>
    </ClCompile>
    <ClCompile Include="..\..\..\source\core\math_static.cpp">
      <Filter>core</Filter>
    </ClCompile>
    <ClCompile Include="..\..\..\source\engine\renderer.cpp">
      <Filter>engine</Filter>
    </ClCompile>
    <ClCompile Include="..\..\..\source\core\murmur_hash.cpp">
      <Filter>core</Filter>
    </ClCompile>
    <ClCompile Include="..\..\..\source\engine\loco.cpp">
      <Filter>engine</Filter>
    </ClCompile>
    <ClCompile Include="..\..\..\source\core\file_system.cpp">
      <Filter>core</Filter>
    </ClCompile>
    <ClCompile Include="..\..\..\source\core\file_utils.cpp">
      <Filter>core</Filter>
    </ClCompile>
    <ClCompile Include="..\..\..\source\engine\resource_manager.cpp">
      <Filter>engine</Filter>
    </ClCompile>
    <ClCompile Include="..\..\..\source\engine\resource_mesh_bgfx.cpp">
      <Filter>engine</Filter>
    </ClCompile>
    <ClCompile Include="..\..\..\source\engine\resource_type.cpp">
      <Filter>engine</Filter>
    </ClCompile>
    <ClCompile Include="..\..\..\source\core\jsonxx\jsonxx.cc">
      <Filter>core\jsonxx</Filter>
    </ClCompile>
    <ClCompile Include="..\..\..\source\engine\resource_material_json.cpp">
      <Filter>engine</Filter>
    </ClCompile>
    <ClCompile Include="..\..\..\source\core\log.cpp">
      <Filter>core</Filter>
    </ClCompile>
    <ClCompile Include="..\..\..\source\component\transform_system.cpp">
      <Filter>component</Filter>
    </ClCompile>
    <ClCompile Include="..\..\..\source\component\mesh_render_system.cpp">
      <Filter>component</Filter>
    </ClCompile>
    <ClCompile Include="..\..\..\source\engine\world.cpp">
      <Filter>engine</Filter>
    </ClCompile>
    <ClCompile Include="..\..\..\source\component\camera_system.cpp">
      <Filter>component</Filter>
    </ClCompile>
    <ClCompile Include="..\..\..\source\entry\entry_windows.cpp">
      <Filter>entry</Filter>
    </ClCompile>
  </ItemGroup>
</Project>